
Microsoft Visual Studio Solution File, Format Version 10.00
# Visual C++ Express 2008
Project("{8BC9CEB8-8B4A-11D0-8D11-00A0C91BC942}") = "libfmos", "libfmos\libfmos.vcproj", "{30DE161A-DCAC-49FD-BDDA-8894CAC948BC}"
	ProjectSection(ProjectDependencies) = postProject
		{E89A2FA4-982F-4452-A408-671FDF943133} = {E89A2FA4-982F-4452-A408-671FDF943133}
		{401997E3-4298-458E-A3F2-07FDEC523616} = {401997E3-4298-458E-A3F2-07FDEC523616}
		{2DC8026F-EBF2-47BC-A0BA-786063B55BAD} = {2DC8026F-EBF2-47BC-A0BA-786063B55BAD}
	EndProjectSection
EndProject
Project("{8BC9CEB8-8B4A-11D0-8D11-00A0C91BC942}") = "libcerror", "libcerror\libcerror.vcproj", "{E89A2FA4-982F-4452-A408-671FDF943133}"
EndProject
Project("{8BC9CEB8-8B4A-11D0-8D11-00A0C91BC942}") = "libcnotify", "libcnotify\libcnotify.vcproj", "{2DC8026F-EBF2-47BC-A0BA-786063B55BAD}"
	ProjectSection(ProjectDependencies) = postProject
		{E89A2FA4-982F-4452-A408-671FDF943133} = {E89A2FA4-982F-4452-A408-671FDF943133}
	EndProjectSection
EndProject
Project("{8BC9CEB8-8B4A-11D0-8D11-00A0C91BC942}") = "libcthreads", "libcthreads\libcthreads.vcproj", "{401997E3-4298-458E-A3F2-07FDEC523616}"
	ProjectSection(ProjectDependencies) = postProject
		{E89A2FA4-982F-4452-A408-671FDF943133} = {E89A2FA4-982F-4452-A408-671FDF943133}
	EndProjectSection
EndProject
Project("{8BC9CEB8-8B4A-11D0-8D11-00A0C91BC942}") = "fmos_test_adc", "fmos_test_adc\fmos_test_adc.vcproj", "{3297B7E7-6278-4858-9CAB-9400F455653B}"
	ProjectSection(ProjectDependencies) = postProject
		{2DC8026F-EBF2-47BC-A0BA-786063B55BAD} = {2DC8026F-EBF2-47BC-A0BA-786063B55BAD}
		{30DE161A-DCAC-49FD-BDDA-8894CAC948BC} = {30DE161A-DCAC-49FD-BDDA-8894CAC948BC}
		{E89A2FA4-982F-4452-A408-671FDF943133} = {E89A2FA4-982F-4452-A408-671FDF943133}
	EndProjectSection
EndProject
Project("{8BC9CEB8-8B4A-11D0-8D11-00A0C91BC942}") = "fmos_test_error", "fmos_test_error\fmos_test_error.vcproj", "{F780578C-A484-42E5-9705-D3055C3858E1}"
	ProjectSection(ProjectDependencies) = postProject
		{30DE161A-DCAC-49FD-BDDA-8894CAC948BC} = {30DE161A-DCAC-49FD-BDDA-8894CAC948BC}
	EndProjectSection
EndProject
Project("{8BC9CEB8-8B4A-11D0-8D11-00A0C91BC942}") = "fmos_test_lzfse", "fmos_test_lzfse\fmos_test_lzfse.vcproj", "{57D517C0-CC36-487A-968B-1FEBDB9A3170}"
	ProjectSection(ProjectDependencies) = postProject
		{2DC8026F-EBF2-47BC-A0BA-786063B55BAD} = {2DC8026F-EBF2-47BC-A0BA-786063B55BAD}
		{30DE161A-DCAC-49FD-BDDA-8894CAC948BC} = {30DE161A-DCAC-49FD-BDDA-8894CAC948BC}
		{E89A2FA4-982F-4452-A408-671FDF943133} = {E89A2FA4-982F-4452-A408-671FDF943133}
	EndProjectSection
EndProject
Project("{8BC9CEB8-8B4A-11D0-8D11-00A0C91BC942}") = "fmos_test_lzfse_bit_stream", "fmos_test_lzfse_bit_stream\fmos_test_lzfse_bit_stream.vcproj", "{3997AC61-C144-49FC-9F3B-BD0159852D68}"
	ProjectSection(ProjectDependencies) = postProject
		{2DC8026F-EBF2-47BC-A0BA-786063B55BAD} = {2DC8026F-EBF2-47BC-A0BA-786063B55BAD}
		{30DE161A-DCAC-49FD-BDDA-8894CAC948BC} = {30DE161A-DCAC-49FD-BDDA-8894CAC948BC}
		{E89A2FA4-982F-4452-A408-671FDF943133} = {E89A2FA4-982F-4452-A408-671FDF943133}
	EndProjectSection
EndProject
Project("{8BC9CEB8-8B4A-11D0-8D11-00A0C91BC942}") = "fmos_test_lzfse_decoder", "fmos_test_lzfse_decoder\fmos_test_lzfse_decoder.vcproj", "{5D0D54C1-C0D6-43F1-A6A8-28D32B716682}"
	ProjectSection(ProjectDependencies) = postProject
		{2DC8026F-EBF2-47BC-A0BA-786063B55BAD} = {2DC8026F-EBF2-47BC-A0BA-786063B55BAD}
		{30DE161A-DCAC-49FD-BDDA-8894CAC948BC} = {30DE161A-DCAC-49FD-BDDA-8894CAC948BC}
		{E89A2FA4-982F-4452-A408-671FDF943133} = {E89A2FA4-982F-4452-A408-671FDF943133}
	EndProjectSection
EndProject
Project("{8BC9CEB8-8B4A-11D0-8D11-00A0C91BC942}") = "fmos_test_lzvn", "fmos_test_lzvn\fmos_test_lzvn.vcproj", "{C3D6EEF0-9971-4521-BD1B-18A317999BE2}"
	ProjectSection(ProjectDependencies) = postProject
		{2DC8026F-EBF2-47BC-A0BA-786063B55BAD} = {2DC8026F-EBF2-47BC-A0BA-786063B55BAD}
		{30DE161A-DCAC-49FD-BDDA-8894CAC948BC} = {30DE161A-DCAC-49FD-BDDA-8894CAC948BC}
		{E89A2FA4-982F-4452-A408-671FDF943133} = {E89A2FA4-982F-4452-A408-671FDF943133}
	EndProjectSection
EndProject
Project("{8BC9CEB8-8B4A-11D0-8D11-00A0C91BC942}") = "fmos_test_notify", "fmos_test_notify\fmos_test_notify.vcproj", "{6DA82418-64E3-4133-AB16-A081D161822E}"
	ProjectSection(ProjectDependencies) = postProject
		{30DE161A-DCAC-49FD-BDDA-8894CAC948BC} = {30DE161A-DCAC-49FD-BDDA-8894CAC948BC}
		{E89A2FA4-982F-4452-A408-671FDF943133} = {E89A2FA4-982F-4452-A408-671FDF943133}
	EndProjectSection
EndProject
Project("{8BC9CEB8-8B4A-11D0-8D11-00A0C91BC942}") = "fmos_test_support", "fmos_test_support\fmos_test_support.vcproj", "{876EC2C7-9C74-44BE-B13F-7445EF8B4637}"
	ProjectSection(ProjectDependencies) = postProject
		{30DE161A-DCAC-49FD-BDDA-8894CAC948BC} = {30DE161A-DCAC-49FD-BDDA-8894CAC948BC}
	EndProjectSection
EndProject
Project("{8BC9CEB8-8B4A-11D0-8D11-00A0C91BC942}") = "pyfmos", "pyfmos\pyfmos.vcproj", "{3F02ADB8-F41F-42AE-B59C-C89072908D4B}"
	ProjectSection(ProjectDependencies) = postProject
		{E89A2FA4-982F-4452-A408-671FDF943133} = {E89A2FA4-982F-4452-A408-671FDF943133}
		{30DE161A-DCAC-49FD-BDDA-8894CAC948BC} = {30DE161A-DCAC-49FD-BDDA-8894CAC948BC}
	EndProjectSection
EndProject
Global
	GlobalSection(SolutionConfigurationPlatforms) = preSolution
		Release|Win32 = Release|Win32
		VSDebug|Win32 = VSDebug|Win32
	EndGlobalSection
	GlobalSection(ProjectConfigurationPlatforms) = postSolution
		{30DE161A-DCAC-49FD-BDDA-8894CAC948BC}.Release|Win32.ActiveCfg = Release|Win32
		{30DE161A-DCAC-49FD-BDDA-8894CAC948BC}.Release|Win32.Build.0 = Release|Win32
		{30DE161A-DCAC-49FD-BDDA-8894CAC948BC}.VSDebug|Win32.ActiveCfg = VSDebug|Win32
		{30DE161A-DCAC-49FD-BDDA-8894CAC948BC}.VSDebug|Win32.Build.0 = VSDebug|Win32
		{E89A2FA4-982F-4452-A408-671FDF943133}.Release|Win32.ActiveCfg = Release|Win32
		{E89A2FA4-982F-4452-A408-671FDF943133}.Release|Win32.Build.0 = Release|Win32
		{E89A2FA4-982F-4452-A408-671FDF943133}.VSDebug|Win32.ActiveCfg = VSDebug|Win32
		{E89A2FA4-982F-4452-A408-671FDF943133}.VSDebug|Win32.Build.0 = VSDebug|Win32
		{2DC8026F-EBF2-47BC-A0BA-786063B55BAD}.Release|Win32.ActiveCfg = Release|Win32
		{2DC8026F-EBF2-47BC-A0BA-786063B55BAD}.Release|Win32.Build.0 = Release|Win32
		{2DC8026F-EBF2-47BC-A0BA-786063B55BAD}.VSDebug|Win32.ActiveCfg = VSDebug|Win32
		{2DC8026F-EBF2-47BC-A0BA-786063B55BAD}.VSDebug|Win32.Build.0 = VSDebug|Win32
		{401997E3-4298-458E-A3F2-07FDEC523616}.Release|Win32.ActiveCfg = Release|Win32
		{401997E3-4298-458E-A3F2-07FDEC523616}.Release|Win32.Build.0 = Release|Win32
		{401997E3-4298-458E-A3F2-07FDEC523616}.VSDebug|Win32.ActiveCfg = VSDebug|Win32
		{401997E3-4298-458E-A3F2-07FDEC523616}.VSDebug|Win32.Build.0 = VSDebug|Win32
		{3297B7E7-6278-4858-9CAB-9400F455653B}.Release|Win32.ActiveCfg = Release|Win32
		{3297B7E7-6278-4858-9CAB-9400F455653B}.Release|Win32.Build.0 = Release|Win32
		{3297B7E7-6278-4858-9CAB-9400F455653B}.VSDebug|Win32.ActiveCfg = VSDebug|Win32
		{3297B7E7-6278-4858-9CAB-9400F455653B}.VSDebug|Win32.Build.0 = VSDebug|Win32
		{F780578C-A484-42E5-9705-D3055C3858E1}.Release|Win32.ActiveCfg = Release|Win32
		{F780578C-A484-42E5-9705-D3055C3858E1}.Release|Win32.Build.0 = Release|Win32
		{F780578C-A484-42E5-9705-D3055C3858E1}.VSDebug|Win32.ActiveCfg = VSDebug|Win32
		{F780578C-A484-42E5-9705-D3055C3858E1}.VSDebug|Win32.Build.0 = VSDebug|Win32
		{57D517C0-CC36-487A-968B-1FEBDB9A3170}.Release|Win32.ActiveCfg = Release|Win32
		{57D517C0-CC36-487A-968B-1FEBDB9A3170}.Release|Win32.Build.0 = Release|Win32
		{57D517C0-CC36-487A-968B-1FEBDB9A3170}.VSDebug|Win32.ActiveCfg = VSDebug|Win32
		{57D517C0-CC36-487A-968B-1FEBDB9A3170}.VSDebug|Win32.Build.0 = VSDebug|Win32
		{3997AC61-C144-49FC-9F3B-BD0159852D68}.Release|Win32.ActiveCfg = Release|Win32
		{3997AC61-C144-49FC-9F3B-BD0159852D68}.Release|Win32.Build.0 = Release|Win32
		{3997AC61-C144-49FC-9F3B-BD0159852D68}.VSDebug|Win32.ActiveCfg = VSDebug|Win32
		{3997AC61-C144-49FC-9F3B-BD0159852D68}.VSDebug|Win32.Build.0 = VSDebug|Win32
		{5D0D54C1-C0D6-43F1-A6A8-28D32B716682}.Release|Win32.ActiveCfg = Release|Win32
		{5D0D54C1-C0D6-43F1-A6A8-28D32B716682}.Release|Win32.Build.0 = Release|Win32
		{5D0D54C1-C0D6-43F1-A6A8-28D32B716682}.VSDebug|Win32.ActiveCfg = VSDebug|Win32
		{5D0D54C1-C0D6-43F1-A6A8-28D32B716682}.VSDebug|Win32.Build.0 = VSDebug|Win32
		{C3D6EEF0-9971-4521-BD1B-18A317999BE2}.Release|Win32.ActiveCfg = Release|Win32
		{C3D6EEF0-9971-4521-BD1B-18A317999BE2}.Release|Win32.Build.0 = Release|Win32
		{C3D6EEF0-9971-4521-BD1B-18A317999BE2}.VSDebug|Win32.ActiveCfg = VSDebug|Win32
		{C3D6EEF0-9971-4521-BD1B-18A317999BE2}.VSDebug|Win32.Build.0 = VSDebug|Win32
		{6DA82418-64E3-4133-AB16-A081D161822E}.Release|Win32.ActiveCfg = Release|Win32
		{6DA82418-64E3-4133-AB16-A081D161822E}.Release|Win32.Build.0 = Release|Win32
		{6DA82418-64E3-4133-AB16-A081D161822E}.VSDebug|Win32.ActiveCfg = VSDebug|Win32
		{6DA82418-64E3-4133-AB16-A081D161822E}.VSDebug|Win32.Build.0 = VSDebug|Win32
		{876EC2C7-9C74-44BE-B13F-7445EF8B4637}.Release|Win32.ActiveCfg = Release|Win32
		{876EC2C7-9C74-44BE-B13F-7445EF8B4637}.Release|Win32.Build.0 = Release|Win32
		{876EC2C7-9C74-44BE-B13F-7445EF8B4637}.VSDebug|Win32.ActiveCfg = VSDebug|Win32
		{876EC2C7-9C74-44BE-B13F-7445EF8B4637}.VSDebug|Win32.Build.0 = VSDebug|Win32
		{3F02ADB8-F41F-42AE-B59C-C89072908D4B}.Release|Win32.ActiveCfg = Release|Win32
		{3F02ADB8-F41F-42AE-B59C-C89072908D4B}.Release|Win32.Build.0 = Release|Win32
		{3F02ADB8-F41F-42AE-B59C-C89072908D4B}.VSDebug|Win32.ActiveCfg = VSDebug|Win32
		{3F02ADB8-F41F-42AE-B59C-C89072908D4B}.VSDebug|Win32.Build.0 = VSDebug|Win32
	EndGlobalSection
	GlobalSection(SolutionProperties) = preSolution
		HideSolutionNode = FALSE
	EndGlobalSection
EndGlobal
