
Microsoft Visual Studio Solution File, Format Version 10.00
# Visual C++ Express 2008
Project("{8BC9CEB8-8B4A-11D0-8D11-00A0C91BC942}") = "libfmos", "libfmos\libfmos.vcproj", "{F64B0BD7-3212-482F-AE18-C9D4BDDE9946}"
	ProjectSection(ProjectDependencies) = postProject
		{96138F2D-AFE2-459B-B89B-1D28B50B0B8A} = {96138F2D-AFE2-459B-B89B-1D28B50B0B8A}
		{89F1BD27-CD24-447D-96AE-E7009D027925} = {89F1BD27-CD24-447D-96AE-E7009D027925}
		{521FE044-FAE3-4DE7-B649-657E8247A450} = {521FE044-FAE3-4DE7-B649-657E8247A450}
	EndProjectSection
EndProject
Project("{8BC9CEB8-8B4A-11D0-8D11-00A0C91BC942}") = "libcerror", "libcerror\libcerror.vcproj", "{96138F2D-AFE2-459B-B89B-1D28B50B0B8A}"
EndProject
Project("{8BC9CEB8-8B4A-11D0-8D11-00A0C91BC942}") = "libcnotify", "libcnotify\libcnotify.vcproj", "{521FE044-FAE3-4DE7-B649-657E8247A450}"
	ProjectSection(ProjectDependencies) = postProject
		{96138F2D-AFE2-459B-B89B-1D28B50B0B8A} = {96138F2D-AFE2-459B-B89B-1D28B50B0B8A}
	EndProjectSection
EndProject
Project("{8BC9CEB8-8B4A-11D0-8D11-00A0C91BC942}") = "libcthreads", "libcthreads\libcthreads.vcproj", "{89F1BD27-CD24-447D-96AE-E7009D027925}"
	ProjectSection(ProjectDependencies) = postProject
		{96138F2D-AFE2-459B-B89B-1D28B50B0B8A} = {96138F2D-AFE2-459B-B89B-1D28B50B0B8A}
	EndProjectSection
EndProject
Project("{8BC9CEB8-8B4A-11D0-8D11-00A0C91BC942}") = "fmos_test_adc", "fmos_test_adc\fmos_test_adc.vcproj", "{4D3756B4-FF0F-44CF-9030-256B63A5613F}"
	ProjectSection(ProjectDependencies) = postProject
		{521FE044-FAE3-4DE7-B649-657E8247A450} = {521FE044-FAE3-4DE7-B649-657E8247A450}
		{F64B0BD7-3212-482F-AE18-C9D4BDDE9946} = {F64B0BD7-3212-482F-AE18-C9D4BDDE9946}
		{96138F2D-AFE2-459B-B89B-1D28B50B0B8A} = {96138F2D-AFE2-459B-B89B-1D28B50B0B8A}
	EndProjectSection
EndProject
Project("{8BC9CEB8-8B4A-11D0-8D11-00A0C91BC942}") = "fmos_test_error", "fmos_test_error\fmos_test_error.vcproj", "{3175EF5E-B3A5-4BD0-A79C-6561AD03302B}"
	ProjectSection(ProjectDependencies) = postProject
		{F64B0BD7-3212-482F-AE18-C9D4BDDE9946} = {F64B0BD7-3212-482F-AE18-C9D4BDDE9946}
	EndProjectSection
EndProject
Project("{8BC9CEB8-8B4A-11D0-8D11-00A0C91BC942}") = "fmos_test_lzfse", "fmos_test_lzfse\fmos_test_lzfse.vcproj", "{F8125E9B-09C0-4DB6-9CB1-028DECE20EE2}"
	ProjectSection(ProjectDependencies) = postProject
		{521FE044-FAE3-4DE7-B649-657E8247A450} = {521FE044-FAE3-4DE7-B649-657E8247A450}
		{F64B0BD7-3212-482F-AE18-C9D4BDDE9946} = {F64B0BD7-3212-482F-AE18-C9D4BDDE9946}
		{96138F2D-AFE2-459B-B89B-1D28B50B0B8A} = {96138F2D-AFE2-459B-B89B-1D28B50B0B8A}
	EndProjectSection
EndProject
Project("{8BC9CEB8-8B4A-11D0-8D11-00A0C91BC942}") = "fmos_test_lzfse_bit_stream", "fmos_test_lzfse_bit_stream\fmos_test_lzfse_bit_stream.vcproj", "{2C5D0058-5778-424A-BF68-10351B32897D}"
	ProjectSection(ProjectDependencies) = postProject
		{521FE044-FAE3-4DE7-B649-657E8247A450} = {521FE044-FAE3-4DE7-B649-657E8247A450}
		{F64B0BD7-3212-482F-AE18-C9D4BDDE9946} = {F64B0BD7-3212-482F-AE18-C9D4BDDE9946}
		{96138F2D-AFE2-459B-B89B-1D28B50B0B8A} = {96138F2D-AFE2-459B-B89B-1D28B50B0B8A}
	EndProjectSection
EndProject
Project("{8BC9CEB8-8B4A-11D0-8D11-00A0C91BC942}") = "fmos_test_lzfse_decoder", "fmos_test_lzfse_decoder\fmos_test_lzfse_decoder.vcproj", "{E6024A06-03A4-41E8-876E-4A76A80411DA}"
	ProjectSection(ProjectDependencies) = postProject
		{521FE044-FAE3-4DE7-B649-657E8247A450} = {521FE044-FAE3-4DE7-B649-657E8247A450}
		{F64B0BD7-3212-482F-AE18-C9D4BDDE9946} = {F64B0BD7-3212-482F-AE18-C9D4BDDE9946}
		{96138F2D-AFE2-459B-B89B-1D28B50B0B8A} = {96138F2D-AFE2-459B-B89B-1D28B50B0B8A}
	EndProjectSection
EndProject
Project("{8BC9CEB8-8B4A-11D0-8D11-00A0C91BC942}") = "fmos_test_lzvn", "fmos_test_lzvn\fmos_test_lzvn.vcproj", "{587261BE-A21F-44C8-A616-122EF9877809}"
	ProjectSection(ProjectDependencies) = postProject
		{521FE044-FAE3-4DE7-B649-657E8247A450} = {521FE044-FAE3-4DE7-B649-657E8247A450}
		{F64B0BD7-3212-482F-AE18-C9D4BDDE9946} = {F64B0BD7-3212-482F-AE18-C9D4BDDE9946}
		{96138F2D-AFE2-459B-B89B-1D28B50B0B8A} = {96138F2D-AFE2-459B-B89B-1D28B50B0B8A}
	EndProjectSection
EndProject
Project("{8BC9CEB8-8B4A-11D0-8D11-00A0C91BC942}") = "fmos_test_notify", "fmos_test_notify\fmos_test_notify.vcproj", "{703DC3C4-4493-4157-BE20-04CF74978172}"
	ProjectSection(ProjectDependencies) = postProject
		{F64B0BD7-3212-482F-AE18-C9D4BDDE9946} = {F64B0BD7-3212-482F-AE18-C9D4BDDE9946}
		{96138F2D-AFE2-459B-B89B-1D28B50B0B8A} = {96138F2D-AFE2-459B-B89B-1D28B50B0B8A}
	EndProjectSection
EndProject
Project("{8BC9CEB8-8B4A-11D0-8D11-00A0C91BC942}") = "fmos_test_support", "fmos_test_support\fmos_test_support.vcproj", "{B7016F23-B664-4CB0-BD83-DAFD243BCCDE}"
	ProjectSection(ProjectDependencies) = postProject
		{F64B0BD7-3212-482F-AE18-C9D4BDDE9946} = {F64B0BD7-3212-482F-AE18-C9D4BDDE9946}
	EndProjectSection
EndProject
Global
	GlobalSection(SolutionConfigurationPlatforms) = preSolution
		Release|Win32 = Release|Win32
		VSDebug|Win32 = VSDebug|Win32
	EndGlobalSection
	GlobalSection(ProjectConfigurationPlatforms) = postSolution
		{F64B0BD7-3212-482F-AE18-C9D4BDDE9946}.Release|Win32.ActiveCfg = Release|Win32
		{F64B0BD7-3212-482F-AE18-C9D4BDDE9946}.Release|Win32.Build.0 = Release|Win32
		{F64B0BD7-3212-482F-AE18-C9D4BDDE9946}.VSDebug|Win32.ActiveCfg = VSDebug|Win32
		{F64B0BD7-3212-482F-AE18-C9D4BDDE9946}.VSDebug|Win32.Build.0 = VSDebug|Win32
		{96138F2D-AFE2-459B-B89B-1D28B50B0B8A}.Release|Win32.ActiveCfg = Release|Win32
		{96138F2D-AFE2-459B-B89B-1D28B50B0B8A}.Release|Win32.Build.0 = Release|Win32
		{96138F2D-AFE2-459B-B89B-1D28B50B0B8A}.VSDebug|Win32.ActiveCfg = VSDebug|Win32
		{96138F2D-AFE2-459B-B89B-1D28B50B0B8A}.VSDebug|Win32.Build.0 = VSDebug|Win32
		{521FE044-FAE3-4DE7-B649-657E8247A450}.Release|Win32.ActiveCfg = Release|Win32
		{521FE044-FAE3-4DE7-B649-657E8247A450}.Release|Win32.Build.0 = Release|Win32
		{521FE044-FAE3-4DE7-B649-657E8247A450}.VSDebug|Win32.ActiveCfg = VSDebug|Win32
		{521FE044-FAE3-4DE7-B649-657E8247A450}.VSDebug|Win32.Build.0 = VSDebug|Win32
		{89F1BD27-CD24-447D-96AE-E7009D027925}.Release|Win32.ActiveCfg = Release|Win32
		{89F1BD27-CD24-447D-96AE-E7009D027925}.Release|Win32.Build.0 = Release|Win32
		{89F1BD27-CD24-447D-96AE-E7009D027925}.VSDebug|Win32.ActiveCfg = VSDebug|Win32
		{89F1BD27-CD24-447D-96AE-E7009D027925}.VSDebug|Win32.Build.0 = VSDebug|Win32
		{4D3756B4-FF0F-44CF-9030-256B63A5613F}.Release|Win32.ActiveCfg = Release|Win32
		{4D3756B4-FF0F-44CF-9030-256B63A5613F}.Release|Win32.Build.0 = Release|Win32
		{4D3756B4-FF0F-44CF-9030-256B63A5613F}.VSDebug|Win32.ActiveCfg = VSDebug|Win32
		{4D3756B4-FF0F-44CF-9030-256B63A5613F}.VSDebug|Win32.Build.0 = VSDebug|Win32
		{3175EF5E-B3A5-4BD0-A79C-6561AD03302B}.Release|Win32.ActiveCfg = Release|Win32
		{3175EF5E-B3A5-4BD0-A79C-6561AD03302B}.Release|Win32.Build.0 = Release|Win32
		{3175EF5E-B3A5-4BD0-A79C-6561AD03302B}.VSDebug|Win32.ActiveCfg = VSDebug|Win32
		{3175EF5E-B3A5-4BD0-A79C-6561AD03302B}.VSDebug|Win32.Build.0 = VSDebug|Win32
		{F8125E9B-09C0-4DB6-9CB1-028DECE20EE2}.Release|Win32.ActiveCfg = Release|Win32
		{F8125E9B-09C0-4DB6-9CB1-028DECE20EE2}.Release|Win32.Build.0 = Release|Win32
		{F8125E9B-09C0-4DB6-9CB1-028DECE20EE2}.VSDebug|Win32.ActiveCfg = VSDebug|Win32
		{F8125E9B-09C0-4DB6-9CB1-028DECE20EE2}.VSDebug|Win32.Build.0 = VSDebug|Win32
		{2C5D0058-5778-424A-BF68-10351B32897D}.Release|Win32.ActiveCfg = Release|Win32
		{2C5D0058-5778-424A-BF68-10351B32897D}.Release|Win32.Build.0 = Release|Win32
		{2C5D0058-5778-424A-BF68-10351B32897D}.VSDebug|Win32.ActiveCfg = VSDebug|Win32
		{2C5D0058-5778-424A-BF68-10351B32897D}.VSDebug|Win32.Build.0 = VSDebug|Win32
		{E6024A06-03A4-41E8-876E-4A76A80411DA}.Release|Win32.ActiveCfg = Release|Win32
		{E6024A06-03A4-41E8-876E-4A76A80411DA}.Release|Win32.Build.0 = Release|Win32
		{E6024A06-03A4-41E8-876E-4A76A80411DA}.VSDebug|Win32.ActiveCfg = VSDebug|Win32
		{E6024A06-03A4-41E8-876E-4A76A80411DA}.VSDebug|Win32.Build.0 = VSDebug|Win32
		{587261BE-A21F-44C8-A616-122EF9877809}.Release|Win32.ActiveCfg = Release|Win32
		{587261BE-A21F-44C8-A616-122EF9877809}.Release|Win32.Build.0 = Release|Win32
		{587261BE-A21F-44C8-A616-122EF9877809}.VSDebug|Win32.ActiveCfg = VSDebug|Win32
		{587261BE-A21F-44C8-A616-122EF9877809}.VSDebug|Win32.Build.0 = VSDebug|Win32
		{703DC3C4-4493-4157-BE20-04CF74978172}.Release|Win32.ActiveCfg = Release|Win32
		{703DC3C4-4493-4157-BE20-04CF74978172}.Release|Win32.Build.0 = Release|Win32
		{703DC3C4-4493-4157-BE20-04CF74978172}.VSDebug|Win32.ActiveCfg = VSDebug|Win32
		{703DC3C4-4493-4157-BE20-04CF74978172}.VSDebug|Win32.Build.0 = VSDebug|Win32
		{B7016F23-B664-4CB0-BD83-DAFD243BCCDE}.Release|Win32.ActiveCfg = Release|Win32
		{B7016F23-B664-4CB0-BD83-DAFD243BCCDE}.Release|Win32.Build.0 = Release|Win32
		{B7016F23-B664-4CB0-BD83-DAFD243BCCDE}.VSDebug|Win32.ActiveCfg = VSDebug|Win32
		{B7016F23-B664-4CB0-BD83-DAFD243BCCDE}.VSDebug|Win32.Build.0 = VSDebug|Win32
	EndGlobalSection
	GlobalSection(SolutionProperties) = preSolution
		HideSolutionNode = FALSE
	EndGlobalSection
EndGlobal
