
Microsoft Visual Studio Solution File, Format Version 10.00
# Visual C++ Express 2008
Project("{8BC9CEB8-8B4A-11D0-8D11-00A0C91BC942}") = "fmos_test_adc", "fmos_test_adc\fmos_test_adc.vcproj", "{F3FF9E7B-EFCE-4438-85B4-158A6D088E5C}"
	ProjectSection(ProjectDependencies) = postProject
		{167DB319-A795-43AE-B800-A5A0B8F4B7BF} = {167DB319-A795-43AE-B800-A5A0B8F4B7BF}
		{5D25473B-0F7C-49B4-BDEB-B8104BE0411A} = {5D25473B-0F7C-49B4-BDEB-B8104BE0411A}
		{298BE9E6-BBE4-470B-9FA2-08734635F9F9} = {298BE9E6-BBE4-470B-9FA2-08734635F9F9}
	EndProjectSection
EndProject
Project("{8BC9CEB8-8B4A-11D0-8D11-00A0C91BC942}") = "fmos_test_error", "fmos_test_error\fmos_test_error.vcproj", "{7B7D198F-311D-4F9D-969E-F1C2B9D51C84}"
	ProjectSection(ProjectDependencies) = postProject
		{5D25473B-0F7C-49B4-BDEB-B8104BE0411A} = {5D25473B-0F7C-49B4-BDEB-B8104BE0411A}
	EndProjectSection
EndProject
Project("{8BC9CEB8-8B4A-11D0-8D11-00A0C91BC942}") = "fmos_test_lzfse", "fmos_test_lzfse\fmos_test_lzfse.vcproj", "{E0641FB0-9C4C-4AB8-9A5B-24D2CDB0C003}"
	ProjectSection(ProjectDependencies) = postProject
		{167DB319-A795-43AE-B800-A5A0B8F4B7BF} = {167DB319-A795-43AE-B800-A5A0B8F4B7BF}
		{5D25473B-0F7C-49B4-BDEB-B8104BE0411A} = {5D25473B-0F7C-49B4-BDEB-B8104BE0411A}
		{298BE9E6-BBE4-470B-9FA2-08734635F9F9} = {298BE9E6-BBE4-470B-9FA2-08734635F9F9}
	EndProjectSection
EndProject
Project("{8BC9CEB8-8B4A-11D0-8D11-00A0C91BC942}") = "fmos_test_lzfse_bit_stream", "fmos_test_lzfse_bit_stream\fmos_test_lzfse_bit_stream.vcproj", "{F59E89B8-1852-4EA8-88CD-23787065F2A9}"
	ProjectSection(ProjectDependencies) = postProject
		{167DB319-A795-43AE-B800-A5A0B8F4B7BF} = {167DB319-A795-43AE-B800-A5A0B8F4B7BF}
		{5D25473B-0F7C-49B4-BDEB-B8104BE0411A} = {5D25473B-0F7C-49B4-BDEB-B8104BE0411A}
		{298BE9E6-BBE4-470B-9FA2-08734635F9F9} = {298BE9E6-BBE4-470B-9FA2-08734635F9F9}
	EndProjectSection
EndProject
Project("{8BC9CEB8-8B4A-11D0-8D11-00A0C91BC942}") = "fmos_test_lzfse_decoder", "fmos_test_lzfse_decoder\fmos_test_lzfse_decoder.vcproj", "{AB8CD097-E599-4199-9DA2-9C2865770D31}"
	ProjectSection(ProjectDependencies) = postProject
		{167DB319-A795-43AE-B800-A5A0B8F4B7BF} = {167DB319-A795-43AE-B800-A5A0B8F4B7BF}
		{5D25473B-0F7C-49B4-BDEB-B8104BE0411A} = {5D25473B-0F7C-49B4-BDEB-B8104BE0411A}
		{298BE9E6-BBE4-470B-9FA2-08734635F9F9} = {298BE9E6-BBE4-470B-9FA2-08734635F9F9}
	EndProjectSection
EndProject
Project("{8BC9CEB8-8B4A-11D0-8D11-00A0C91BC942}") = "fmos_test_lzvn", "fmos_test_lzvn\fmos_test_lzvn.vcproj", "{736C57E2-6F64-4265-8BCF-42EBD433ABD5}"
	ProjectSection(ProjectDependencies) = postProject
		{167DB319-A795-43AE-B800-A5A0B8F4B7BF} = {167DB319-A795-43AE-B800-A5A0B8F4B7BF}
		{5D25473B-0F7C-49B4-BDEB-B8104BE0411A} = {5D25473B-0F7C-49B4-BDEB-B8104BE0411A}
		{298BE9E6-BBE4-470B-9FA2-08734635F9F9} = {298BE9E6-BBE4-470B-9FA2-08734635F9F9}
	EndProjectSection
EndProject
Project("{8BC9CEB8-8B4A-11D0-8D11-00A0C91BC942}") = "fmos_test_notify", "fmos_test_notify\fmos_test_notify.vcproj", "{5D0C3638-84D1-4F53-8E28-09A2362D85E3}"
	ProjectSection(ProjectDependencies) = postProject
		{5D25473B-0F7C-49B4-BDEB-B8104BE0411A} = {5D25473B-0F7C-49B4-BDEB-B8104BE0411A}
		{298BE9E6-BBE4-470B-9FA2-08734635F9F9} = {298BE9E6-BBE4-470B-9FA2-08734635F9F9}
	EndProjectSection
EndProject
Project("{8BC9CEB8-8B4A-11D0-8D11-00A0C91BC942}") = "fmos_test_support", "fmos_test_support\fmos_test_support.vcproj", "{AAA9C4E5-81EF-475D-A4C3-3A8E20DB6EB8}"
	ProjectSection(ProjectDependencies) = postProject
		{5D25473B-0F7C-49B4-BDEB-B8104BE0411A} = {5D25473B-0F7C-49B4-BDEB-B8104BE0411A}
	EndProjectSection
EndProject
Project("{8BC9CEB8-8B4A-11D0-8D11-00A0C91BC942}") = "libfmos", "libfmos\libfmos.vcproj", "{5D25473B-0F7C-49B4-BDEB-B8104BE0411A}"
	ProjectSection(ProjectDependencies) = postProject
		{298BE9E6-BBE4-470B-9FA2-08734635F9F9} = {298BE9E6-BBE4-470B-9FA2-08734635F9F9}
		{23A351D0-D715-4CC2-97EA-09E4130CDACE} = {23A351D0-D715-4CC2-97EA-09E4130CDACE}
		{167DB319-A795-43AE-B800-A5A0B8F4B7BF} = {167DB319-A795-43AE-B800-A5A0B8F4B7BF}
	EndProjectSection
EndProject
Project("{8BC9CEB8-8B4A-11D0-8D11-00A0C91BC942}") = "libcthreads", "libcthreads\libcthreads.vcproj", "{23A351D0-D715-4CC2-97EA-09E4130CDACE}"
	ProjectSection(ProjectDependencies) = postProject
		{298BE9E6-BBE4-470B-9FA2-08734635F9F9} = {298BE9E6-BBE4-470B-9FA2-08734635F9F9}
	EndProjectSection
EndProject
Project("{8BC9CEB8-8B4A-11D0-8D11-00A0C91BC942}") = "pyfmos", "pyfmos\pyfmos.vcproj", "{0899457D-69C0-46E3-A510-90B84E2F72CA}"
	ProjectSection(ProjectDependencies) = postProject
		{298BE9E6-BBE4-470B-9FA2-08734635F9F9} = {298BE9E6-BBE4-470B-9FA2-08734635F9F9}
		{5D25473B-0F7C-49B4-BDEB-B8104BE0411A} = {5D25473B-0F7C-49B4-BDEB-B8104BE0411A}
	EndProjectSection
EndProject
Project("{8BC9CEB8-8B4A-11D0-8D11-00A0C91BC942}") = "libcerror", "libcerror\libcerror.vcproj", "{298BE9E6-BBE4-470B-9FA2-08734635F9F9}"
EndProject
Project("{8BC9CEB8-8B4A-11D0-8D11-00A0C91BC942}") = "libcnotify", "libcnotify\libcnotify.vcproj", "{167DB319-A795-43AE-B800-A5A0B8F4B7BF}"
	ProjectSection(ProjectDependencies) = postProject
		{298BE9E6-BBE4-470B-9FA2-08734635F9F9} = {298BE9E6-BBE4-470B-9FA2-08734635F9F9}
	EndProjectSection
EndProject
Global
	GlobalSection(SolutionConfigurationPlatforms) = preSolution
		Release|Win32 = Release|Win32
		VSDebug|Win32 = VSDebug|Win32
	EndGlobalSection
	GlobalSection(ProjectConfigurationPlatforms) = postSolution
		{F3FF9E7B-EFCE-4438-85B4-158A6D088E5C}.Release|Win32.ActiveCfg = Release|Win32
		{F3FF9E7B-EFCE-4438-85B4-158A6D088E5C}.Release|Win32.Build.0 = Release|Win32
		{F3FF9E7B-EFCE-4438-85B4-158A6D088E5C}.VSDebug|Win32.ActiveCfg = VSDebug|Win32
		{F3FF9E7B-EFCE-4438-85B4-158A6D088E5C}.VSDebug|Win32.Build.0 = VSDebug|Win32
		{7B7D198F-311D-4F9D-969E-F1C2B9D51C84}.Release|Win32.ActiveCfg = Release|Win32
		{7B7D198F-311D-4F9D-969E-F1C2B9D51C84}.Release|Win32.Build.0 = Release|Win32
		{7B7D198F-311D-4F9D-969E-F1C2B9D51C84}.VSDebug|Win32.ActiveCfg = VSDebug|Win32
		{7B7D198F-311D-4F9D-969E-F1C2B9D51C84}.VSDebug|Win32.Build.0 = VSDebug|Win32
		{E0641FB0-9C4C-4AB8-9A5B-24D2CDB0C003}.Release|Win32.ActiveCfg = Release|Win32
		{E0641FB0-9C4C-4AB8-9A5B-24D2CDB0C003}.Release|Win32.Build.0 = Release|Win32
		{E0641FB0-9C4C-4AB8-9A5B-24D2CDB0C003}.VSDebug|Win32.ActiveCfg = VSDebug|Win32
		{E0641FB0-9C4C-4AB8-9A5B-24D2CDB0C003}.VSDebug|Win32.Build.0 = VSDebug|Win32
		{F59E89B8-1852-4EA8-88CD-23787065F2A9}.Release|Win32.ActiveCfg = Release|Win32
		{F59E89B8-1852-4EA8-88CD-23787065F2A9}.Release|Win32.Build.0 = Release|Win32
		{F59E89B8-1852-4EA8-88CD-23787065F2A9}.VSDebug|Win32.ActiveCfg = VSDebug|Win32
		{F59E89B8-1852-4EA8-88CD-23787065F2A9}.VSDebug|Win32.Build.0 = VSDebug|Win32
		{AB8CD097-E599-4199-9DA2-9C2865770D31}.Release|Win32.ActiveCfg = Release|Win32
		{AB8CD097-E599-4199-9DA2-9C2865770D31}.Release|Win32.Build.0 = Release|Win32
		{AB8CD097-E599-4199-9DA2-9C2865770D31}.VSDebug|Win32.ActiveCfg = VSDebug|Win32
		{AB8CD097-E599-4199-9DA2-9C2865770D31}.VSDebug|Win32.Build.0 = VSDebug|Win32
		{736C57E2-6F64-4265-8BCF-42EBD433ABD5}.Release|Win32.ActiveCfg = Release|Win32
		{736C57E2-6F64-4265-8BCF-42EBD433ABD5}.Release|Win32.Build.0 = Release|Win32
		{736C57E2-6F64-4265-8BCF-42EBD433ABD5}.VSDebug|Win32.ActiveCfg = VSDebug|Win32
		{736C57E2-6F64-4265-8BCF-42EBD433ABD5}.VSDebug|Win32.Build.0 = VSDebug|Win32
		{5D0C3638-84D1-4F53-8E28-09A2362D85E3}.Release|Win32.ActiveCfg = Release|Win32
		{5D0C3638-84D1-4F53-8E28-09A2362D85E3}.Release|Win32.Build.0 = Release|Win32
		{5D0C3638-84D1-4F53-8E28-09A2362D85E3}.VSDebug|Win32.ActiveCfg = VSDebug|Win32
		{5D0C3638-84D1-4F53-8E28-09A2362D85E3}.VSDebug|Win32.Build.0 = VSDebug|Win32
		{AAA9C4E5-81EF-475D-A4C3-3A8E20DB6EB8}.Release|Win32.ActiveCfg = Release|Win32
		{AAA9C4E5-81EF-475D-A4C3-3A8E20DB6EB8}.Release|Win32.Build.0 = Release|Win32
		{AAA9C4E5-81EF-475D-A4C3-3A8E20DB6EB8}.VSDebug|Win32.ActiveCfg = VSDebug|Win32
		{AAA9C4E5-81EF-475D-A4C3-3A8E20DB6EB8}.VSDebug|Win32.Build.0 = VSDebug|Win32
		{5D25473B-0F7C-49B4-BDEB-B8104BE0411A}.Release|Win32.ActiveCfg = Release|Win32
		{5D25473B-0F7C-49B4-BDEB-B8104BE0411A}.Release|Win32.Build.0 = Release|Win32
		{5D25473B-0F7C-49B4-BDEB-B8104BE0411A}.VSDebug|Win32.ActiveCfg = VSDebug|Win32
		{5D25473B-0F7C-49B4-BDEB-B8104BE0411A}.VSDebug|Win32.Build.0 = VSDebug|Win32
		{23A351D0-D715-4CC2-97EA-09E4130CDACE}.Release|Win32.ActiveCfg = Release|Win32
		{23A351D0-D715-4CC2-97EA-09E4130CDACE}.Release|Win32.Build.0 = Release|Win32
		{23A351D0-D715-4CC2-97EA-09E4130CDACE}.VSDebug|Win32.ActiveCfg = VSDebug|Win32
		{23A351D0-D715-4CC2-97EA-09E4130CDACE}.VSDebug|Win32.Build.0 = VSDebug|Win32
		{0899457D-69C0-46E3-A510-90B84E2F72CA}.Release|Win32.ActiveCfg = Release|Win32
		{0899457D-69C0-46E3-A510-90B84E2F72CA}.Release|Win32.Build.0 = Release|Win32
		{0899457D-69C0-46E3-A510-90B84E2F72CA}.VSDebug|Win32.ActiveCfg = VSDebug|Win32
		{0899457D-69C0-46E3-A510-90B84E2F72CA}.VSDebug|Win32.Build.0 = VSDebug|Win32
		{298BE9E6-BBE4-470B-9FA2-08734635F9F9}.Release|Win32.ActiveCfg = Release|Win32
		{298BE9E6-BBE4-470B-9FA2-08734635F9F9}.Release|Win32.Build.0 = Release|Win32
		{298BE9E6-BBE4-470B-9FA2-08734635F9F9}.VSDebug|Win32.ActiveCfg = VSDebug|Win32
		{298BE9E6-BBE4-470B-9FA2-08734635F9F9}.VSDebug|Win32.Build.0 = VSDebug|Win32
		{167DB319-A795-43AE-B800-A5A0B8F4B7BF}.Release|Win32.ActiveCfg = Release|Win32
		{167DB319-A795-43AE-B800-A5A0B8F4B7BF}.Release|Win32.Build.0 = Release|Win32
		{167DB319-A795-43AE-B800-A5A0B8F4B7BF}.VSDebug|Win32.ActiveCfg = VSDebug|Win32
		{167DB319-A795-43AE-B800-A5A0B8F4B7BF}.VSDebug|Win32.Build.0 = VSDebug|Win32
	EndGlobalSection
	GlobalSection(SolutionProperties) = preSolution
		HideSolutionNode = FALSE
	EndGlobalSection
EndGlobal
